
Microsoft Visual Studio Solution File, Format Version 12.00
Project("{FAE04EC0-301F-11D3-BF4B-00C04F79EFBC}") = "DotConsoleApp", "src\DotConsoleApp\DotConsoleApp.csproj", "{69053275-7ED2-4A61-A4B3-89F17DFD3DDA}"
EndProject
Global
	GlobalSection(SolutionConfigurationPlatforms) = preSolution
		Debug|Any CPU = Debug|Any CPU
		Release|Any CPU = Release|Any CPU
	EndGlobalSection
	GlobalSection(ProjectConfigurationPlatforms) = postSolution
		{69053275-7ED2-4A61-A4B3-89F17DFD3DDA}.Debug|Any CPU.ActiveCfg = Debug|Any CPU
		{69053275-7ED2-4A61-A4B3-89F17DFD3DDA}.Debug|Any CPU.Build.0 = Debug|Any CPU
		{69053275-7ED2-4A61-A4B3-89F17DFD3DDA}.Release|Any CPU.ActiveCfg = Release|Any CPU
		{69053275-7ED2-4A61-A4B3-89F17DFD3DDA}.Release|Any CPU.Build.0 = Release|Any CPU
	EndGlobalSection
EndGlobal
